
Microsoft Visual Studio Solution File, Format Version 12.00
# Visual Studio Version 16
VisualStudioVersion = 16.0.29806.167
MinimumVisualStudioVersion = 10.0.40219.1
Project("{8BC9CEB8-8B4A-11D0-8D11-00A0C91BC942}") = "3.30-2", "3.30-2\3.30-2.vcxproj", "{AA6C9313-CD61-470C-8AE4-E2D734A9544E}"
EndProject
Global
	GlobalSection(SolutionConfigurationPlatforms) = preSolution
		Debug|x64 = Debug|x64
		Debug|x86 = Debug|x86
		Release|x64 = Release|x64
		Release|x86 = Release|x86
	EndGlobalSection
	GlobalSection(ProjectConfigurationPlatforms) = postSolution
		{AA6C9313-CD61-470C-8AE4-E2D734A9544E}.Debug|x64.ActiveCfg = Debug|x64
		{AA6C9313-CD61-470C-8AE4-E2D734A9544E}.Debug|x64.Build.0 = Debug|x64
		{AA6C9313-CD61-470C-8AE4-E2D734A9544E}.Debug|x86.ActiveCfg = Debug|Win32
		{AA6C9313-CD61-470C-8AE4-E2D734A9544E}.Debug|x86.Build.0 = Debug|Win32
		{AA6C9313-CD61-470C-8AE4-E2D734A9544E}.Release|x64.ActiveCfg = Release|x64
		{AA6C9313-CD61-470C-8AE4-E2D734A9544E}.Release|x64.Build.0 = Release|x64
		{AA6C9313-CD61-470C-8AE4-E2D734A9544E}.Release|x86.ActiveCfg = Release|Win32
		{AA6C9313-CD61-470C-8AE4-E2D734A9544E}.Release|x86.Build.0 = Release|Win32
	EndGlobalSection
	GlobalSection(SolutionProperties) = preSolution
		HideSolutionNode = FALSE
	EndGlobalSection
	GlobalSection(ExtensibilityGlobals) = postSolution
		SolutionGuid = {1F48873B-DAA1-4232-A1D2-320192C3704D}
	EndGlobalSection
EndGlobal
